
Microsoft Visual Studio Solution File, Format Version 12.00
# Visual Studio Version 17
VisualStudioVersion = 17.10.34928.147
MinimumVisualStudioVersion = 10.0.40219.1
Project("{FAE04EC0-301F-11D3-BF4B-00C04F79EFBC}") = "MonitorApp", "MonitorApp\MonitorApp.csproj", "{868DEF26-E409-4EAC-8D12-AA6ADFA82C8E}"
EndProject
Global
	GlobalSection(SolutionConfigurationPlatforms) = preSolution
		Debug|Any CPU = Debug|Any CPU
		Release|Any CPU = Release|Any CPU
	EndGlobalSection
	GlobalSection(ProjectConfigurationPlatforms) = postSolution
		{868DEF26-E409-4EAC-8D12-AA6ADFA82C8E}.Debug|Any CPU.ActiveCfg = Debug|Any CPU
		{868DEF26-E409-4EAC-8D12-AA6ADFA82C8E}.Debug|Any CPU.Build.0 = Debug|Any CPU
		{868DEF26-E409-4EAC-8D12-AA6ADFA82C8E}.Release|Any CPU.ActiveCfg = Release|Any CPU
		{868DEF26-E409-4EAC-8D12-AA6ADFA82C8E}.Release|Any CPU.Build.0 = Release|Any CPU
	EndGlobalSection
	GlobalSection(SolutionProperties) = preSolution
		HideSolutionNode = FALSE
	EndGlobalSection
	GlobalSection(ExtensibilityGlobals) = postSolution
		SolutionGuid = {014D10F8-7509-4586-A308-F2FE51171ABA}
	EndGlobalSection
EndGlobal
